
Microsoft Visual Studio Solution File, Format Version 12.00
# Visual Studio 15
VisualStudioVersion = 15.0.26430.16
MinimumVisualStudioVersion = 10.0.40219.1
Project("{FAE04EC0-301F-11D3-BF4B-00C04F79EFBC}") = "PointBlankUnturned", "PointBlankUnturned\PointBlankUnturned.csproj", "{3512BF06-E439-4E04-8ACA-DE92B0AABF24}"
EndProject
Project("{2150E333-8FDC-42A3-9474-1A3956D46DE8}") = "Tests", "Tests", "{C7E8ED13-8456-465C-872C-1DE5AE1D8023}"
EndProject
Project("{FAE04EC0-301F-11D3-BF4B-00C04F79EFBC}") = "TestPlugin", "TestPlugin\TestPlugin.csproj", "{870D3200-4BD8-4D48-BFC9-B1A271ADEEE7}"
EndProject
Project("{FAE04EC0-301F-11D3-BF4B-00C04F79EFBC}") = "Updater", "Updater\Updater.csproj", "{8B0994C9-5661-4353-9314-7AFD5E17A3B4}"
EndProject
Global
	GlobalSection(SolutionConfigurationPlatforms) = preSolution
		Debug|Any CPU = Debug|Any CPU
		Release|Any CPU = Release|Any CPU
	EndGlobalSection
	GlobalSection(ProjectConfigurationPlatforms) = postSolution
		{3512BF06-E439-4E04-8ACA-DE92B0AABF24}.Debug|Any CPU.ActiveCfg = Debug|Any CPU
		{3512BF06-E439-4E04-8ACA-DE92B0AABF24}.Debug|Any CPU.Build.0 = Debug|Any CPU
		{3512BF06-E439-4E04-8ACA-DE92B0AABF24}.Release|Any CPU.ActiveCfg = Release|Any CPU
		{3512BF06-E439-4E04-8ACA-DE92B0AABF24}.Release|Any CPU.Build.0 = Release|Any CPU
		{870D3200-4BD8-4D48-BFC9-B1A271ADEEE7}.Debug|Any CPU.ActiveCfg = Debug|Any CPU
		{870D3200-4BD8-4D48-BFC9-B1A271ADEEE7}.Debug|Any CPU.Build.0 = Debug|Any CPU
		{870D3200-4BD8-4D48-BFC9-B1A271ADEEE7}.Release|Any CPU.ActiveCfg = Release|Any CPU
		{870D3200-4BD8-4D48-BFC9-B1A271ADEEE7}.Release|Any CPU.Build.0 = Release|Any CPU
		{8B0994C9-5661-4353-9314-7AFD5E17A3B4}.Debug|Any CPU.ActiveCfg = Debug|Any CPU
		{8B0994C9-5661-4353-9314-7AFD5E17A3B4}.Debug|Any CPU.Build.0 = Debug|Any CPU
		{8B0994C9-5661-4353-9314-7AFD5E17A3B4}.Release|Any CPU.ActiveCfg = Release|Any CPU
		{8B0994C9-5661-4353-9314-7AFD5E17A3B4}.Release|Any CPU.Build.0 = Release|Any CPU
	EndGlobalSection
	GlobalSection(SolutionProperties) = preSolution
		HideSolutionNode = FALSE
	EndGlobalSection
	GlobalSection(NestedProjects) = preSolution
		{870D3200-4BD8-4D48-BFC9-B1A271ADEEE7} = {C7E8ED13-8456-465C-872C-1DE5AE1D8023}
	EndGlobalSection
EndGlobal
